// !$*UTF8*$!
{
	archiveVersion = 1;
	classes = {
	};
	objectVersion = 50;
	objects = {

/* Begin PBXBuildFile section */
		DB26484823C38E090053E015 /* AppDelegate.swift in Sources */ = {isa = PBXBuildFile; fileRef = DB26484723C38E090053E015 /* AppDelegate.swift */; };
		DB26484A23C38E090053E015 /* SceneDelegate.swift in Sources */ = {isa = PBXBuildFile; fileRef = DB26484923C38E090053E015 /* SceneDelegate.swift */; };
		DB26484F23C38E090053E015 /* Main.storyboard in Resources */ = {isa = PBXBuildFile; fileRef = DB26484D23C38E090053E015 /* Main.storyboard */; };
		DB26485123C38E090053E015 /* Assets.xcassets in Resources */ = {isa = PBXBuildFile; fileRef = DB26485023C38E090053E015 /* Assets.xcassets */; };
		DB26485423C38E090053E015 /* LaunchScreen.storyboard in Resources */ = {isa = PBXBuildFile; fileRef = DB26485223C38E090053E015 /* LaunchScreen.storyboard */; };
		DB26486423C39EBF0053E015 /* User.swift in Sources */ = {isa = PBXBuildFile; fileRef = DB26486323C39EBF0053E015 /* User.swift */; };
		DB26486923C3A0D70053E015 /* Items.swift in Sources */ = {isa = PBXBuildFile; fileRef = DB26486823C3A0D70053E015 /* Items.swift */; };
		DB26486B23C3A1B80053E015 /* ItemController.swift in Sources */ = {isa = PBXBuildFile; fileRef = DB26486A23C3A1B80053E015 /* ItemController.swift */; };
		DB26486F23C3AACE0053E015 /* ItemsViewController.swift in Sources */ = {isa = PBXBuildFile; fileRef = DB26486E23C3AACE0053E015 /* ItemsViewController.swift */; };
		DB26487323C3AB040053E015 /* MarketplaceTableViewController.swift in Sources */ = {isa = PBXBuildFile; fileRef = DB26487223C3AB040053E015 /* MarketplaceTableViewController.swift */; };
		DB26487523C3ADBA0053E015 /* Token.swift in Sources */ = {isa = PBXBuildFile; fileRef = DB26487423C3ADBA0053E015 /* Token.swift */; };
		DB26487723C3B2490053E015 /* LoginScreenViewController.swift in Sources */ = {isa = PBXBuildFile; fileRef = DB26487623C3B2490053E015 /* LoginScreenViewController.swift */; };
		DB26487923C3B78C0053E015 /* ItemTableViewCell.swift in Sources */ = {isa = PBXBuildFile; fileRef = DB26487823C3B78C0053E015 /* ItemTableViewCell.swift */; };
		DBE9546923C7C47700B6A36B /* Item.xcdatamodeld in Sources */ = {isa = PBXBuildFile; fileRef = DBE9546723C7C47700B6A36B /* Item.xcdatamodeld */; };
		DBE9546B23C7C4CF00B6A36B /* CoreDataStack.swift in Sources */ = {isa = PBXBuildFile; fileRef = DBE9546A23C7C4CF00B6A36B /* CoreDataStack.swift */; };
		DBE9546D23C7C51300B6A36B /* Item+Convenience.swift in Sources */ = {isa = PBXBuildFile; fileRef = DBE9546C23C7C51300B6A36B /* Item+Convenience.swift */; };
		DBE9547023C7C9B700B6A36B /* CDItemRepresentation.swift in Sources */ = {isa = PBXBuildFile; fileRef = DBE9546F23C7C9B700B6A36B /* CDItemRepresentation.swift */; };
/* End PBXBuildFile section */

/* Begin PBXFileReference section */
		DB26484423C38E090053E015 /* AfricanMarketplace.app */ = {isa = PBXFileReference; explicitFileType = wrapper.application; includeInIndex = 0; path = AfricanMarketplace.app; sourceTree = BUILT_PRODUCTS_DIR; };
		DB26484723C38E090053E015 /* AppDelegate.swift */ = {isa = PBXFileReference; lastKnownFileType = sourcecode.swift; path = AppDelegate.swift; sourceTree = "<group>"; };
		DB26484923C38E090053E015 /* SceneDelegate.swift */ = {isa = PBXFileReference; lastKnownFileType = sourcecode.swift; path = SceneDelegate.swift; sourceTree = "<group>"; };
		DB26484E23C38E090053E015 /* Base */ = {isa = PBXFileReference; lastKnownFileType = file.storyboard; name = Base; path = Base.lproj/Main.storyboard; sourceTree = "<group>"; };
		DB26485023C38E090053E015 /* Assets.xcassets */ = {isa = PBXFileReference; lastKnownFileType = folder.assetcatalog; path = Assets.xcassets; sourceTree = "<group>"; };
		DB26485323C38E090053E015 /* Base */ = {isa = PBXFileReference; lastKnownFileType = file.storyboard; name = Base; path = Base.lproj/LaunchScreen.storyboard; sourceTree = "<group>"; };
		DB26485523C38E090053E015 /* Info.plist */ = {isa = PBXFileReference; lastKnownFileType = text.plist.xml; path = Info.plist; sourceTree = "<group>"; };
		DB26486323C39EBF0053E015 /* User.swift */ = {isa = PBXFileReference; lastKnownFileType = sourcecode.swift; path = User.swift; sourceTree = "<group>"; };
		DB26486823C3A0D70053E015 /* Items.swift */ = {isa = PBXFileReference; lastKnownFileType = sourcecode.swift; path = Items.swift; sourceTree = "<group>"; };
		DB26486A23C3A1B80053E015 /* ItemController.swift */ = {isa = PBXFileReference; lastKnownFileType = sourcecode.swift; path = ItemController.swift; sourceTree = "<group>"; };
		DB26486E23C3AACE0053E015 /* ItemsViewController.swift */ = {isa = PBXFileReference; lastKnownFileType = sourcecode.swift; path = ItemsViewController.swift; sourceTree = "<group>"; };
		DB26487223C3AB040053E015 /* MarketplaceTableViewController.swift */ = {isa = PBXFileReference; lastKnownFileType = sourcecode.swift; path = MarketplaceTableViewController.swift; sourceTree = "<group>"; };
		DB26487423C3ADBA0053E015 /* Token.swift */ = {isa = PBXFileReference; lastKnownFileType = sourcecode.swift; path = Token.swift; sourceTree = "<group>"; };
		DB26487623C3B2490053E015 /* LoginScreenViewController.swift */ = {isa = PBXFileReference; lastKnownFileType = sourcecode.swift; path = LoginScreenViewController.swift; sourceTree = "<group>"; };
		DB26487823C3B78C0053E015 /* ItemTableViewCell.swift */ = {isa = PBXFileReference; lastKnownFileType = sourcecode.swift; path = ItemTableViewCell.swift; sourceTree = "<group>"; };
		DBE9546823C7C47700B6A36B /* Item.xcdatamodel */ = {isa = PBXFileReference; lastKnownFileType = wrapper.xcdatamodel; path = Item.xcdatamodel; sourceTree = "<group>"; };
		DBE9546A23C7C4CF00B6A36B /* CoreDataStack.swift */ = {isa = PBXFileReference; lastKnownFileType = sourcecode.swift; path = CoreDataStack.swift; sourceTree = "<group>"; };
		DBE9546C23C7C51300B6A36B /* Item+Convenience.swift */ = {isa = PBXFileReference; lastKnownFileType = sourcecode.swift; path = "Item+Convenience.swift"; sourceTree = "<group>"; };
		DBE9546F23C7C9B700B6A36B /* CDItemRepresentation.swift */ = {isa = PBXFileReference; lastKnownFileType = sourcecode.swift; path = CDItemRepresentation.swift; sourceTree = "<group>"; };
/* End PBXFileReference section */

/* Begin PBXFrameworksBuildPhase section */
		DB26484123C38E090053E015 /* Frameworks */ = {
			isa = PBXFrameworksBuildPhase;
			buildActionMask = 2147483647;
			files = (
			);
			runOnlyForDeploymentPostprocessing = 0;
		};
/* End PBXFrameworksBuildPhase section */

/* Begin PBXGroup section */
		DB26483B23C38E090053E015 = {
			isa = PBXGroup;
			children = (
				DB26484623C38E090053E015 /* AfricanMarketplace */,
				DB26484523C38E090053E015 /* Products */,
			);
			sourceTree = "<group>";
		};
		DB26484523C38E090053E015 /* Products */ = {
			isa = PBXGroup;
			children = (
				DB26484423C38E090053E015 /* AfricanMarketplace.app */,
			);
			name = Products;
			sourceTree = "<group>";
		};
		DB26484623C38E090053E015 /* AfricanMarketplace */ = {
			isa = PBXGroup;
			children = (
				DBE9546623C7C46B00B6A36B /* Core Data */,
				DB26486523C39EDB0053E015 /* Model */,
				DB26485E23C39DDF0053E015 /* Model Controllers */,
				DB26485D23C39DD40053E015 /* View Controllers */,
				DB26484D23C38E090053E015 /* Main.storyboard */,
				DB26485523C38E090053E015 /* Info.plist */,
				DB26485B23C38E130053E015 /* Resources */,
			);
			path = AfricanMarketplace;
			sourceTree = "<group>";
		};
		DB26485B23C38E130053E015 /* Resources */ = {
			isa = PBXGroup;
			children = (
				DB26484723C38E090053E015 /* AppDelegate.swift */,
				DB26484923C38E090053E015 /* SceneDelegate.swift */,
				DB26485023C38E090053E015 /* Assets.xcassets */,
				DB26485223C38E090053E015 /* LaunchScreen.storyboard */,
			);
			path = Resources;
			sourceTree = "<group>";
		};
		DB26485D23C39DD40053E015 /* View Controllers */ = {
			isa = PBXGroup;
			children = (
				DB26486E23C3AACE0053E015 /* ItemsViewController.swift */,
				DB26487223C3AB040053E015 /* MarketplaceTableViewController.swift */,
				DB26487623C3B2490053E015 /* LoginScreenViewController.swift */,
				DB26487823C3B78C0053E015 /* ItemTableViewCell.swift */,
			);
			path = "View Controllers";
			sourceTree = "<group>";
		};
		DB26485E23C39DDF0053E015 /* Model Controllers */ = {
			isa = PBXGroup;
			children = (
				DB26486A23C3A1B80053E015 /* ItemController.swift */,
			);
			path = "Model Controllers";
			sourceTree = "<group>";
		};
		DB26486523C39EDB0053E015 /* Model */ = {
			isa = PBXGroup;
			children = (
				DB26486323C39EBF0053E015 /* User.swift */,
				DB26486823C3A0D70053E015 /* Items.swift */,
				DB26487423C3ADBA0053E015 /* Token.swift */,
				DBE9546F23C7C9B700B6A36B /* CDItemRepresentation.swift */,
			);
			path = Model;
			sourceTree = "<group>";
		};
		DBE9546623C7C46B00B6A36B /* Core Data */ = {
			isa = PBXGroup;
			children = (
				DBE9546E23C7C52D00B6A36B /* Intemediary */,
				DBE9546723C7C47700B6A36B /* Item.xcdatamodeld */,
				DBE9546A23C7C4CF00B6A36B /* CoreDataStack.swift */,
				DBE9546C23C7C51300B6A36B /* Item+Convenience.swift */,
			);
			path = "Core Data";
			sourceTree = "<group>";
		};
		DBE9546E23C7C52D00B6A36B /* Intemediary */ = {
			isa = PBXGroup;
			children = (
			);
			path = Intemediary;
			sourceTree = "<group>";
		};
/* End PBXGroup section */

/* Begin PBXNativeTarget section */
		DB26484323C38E090053E015 /* AfricanMarketplace */ = {
			isa = PBXNativeTarget;
			buildConfigurationList = DB26485823C38E090053E015 /* Build configuration list for PBXNativeTarget "AfricanMarketplace" */;
			buildPhases = (
				DB26484023C38E090053E015 /* Sources */,
				DB26484123C38E090053E015 /* Frameworks */,
				DB26484223C38E090053E015 /* Resources */,
			);
			buildRules = (
			);
			dependencies = (
			);
			name = AfricanMarketplace;
			productName = AfricanMarketplace;
			productReference = DB26484423C38E090053E015 /* AfricanMarketplace.app */;
			productType = "com.apple.product-type.application";
		};
/* End PBXNativeTarget section */

/* Begin PBXProject section */
		DB26483C23C38E090053E015 /* Project object */ = {
			isa = PBXProject;
			attributes = {
				LastSwiftUpdateCheck = 1130;
				LastUpgradeCheck = 1130;
				ORGANIZATIONNAME = "Patrick Millet";
				TargetAttributes = {
					DB26484323C38E090053E015 = {
						CreatedOnToolsVersion = 11.3;
					};
				};
			};
			buildConfigurationList = DB26483F23C38E090053E015 /* Build configuration list for PBXProject "AfricanMarketplace" */;
			compatibilityVersion = "Xcode 9.3";
			developmentRegion = en;
			hasScannedForEncodings = 0;
			knownRegions = (
				en,
				Base,
			);
			mainGroup = DB26483B23C38E090053E015;
			productRefGroup = DB26484523C38E090053E015 /* Products */;
			projectDirPath = "";
			projectRoot = "";
			targets = (
				DB26484323C38E090053E015 /* AfricanMarketplace */,
			);
		};
/* End PBXProject section */

/* Begin PBXResourcesBuildPhase section */
		DB26484223C38E090053E015 /* Resources */ = {
			isa = PBXResourcesBuildPhase;
			buildActionMask = 2147483647;
			files = (
				DB26485423C38E090053E015 /* LaunchScreen.storyboard in Resources */,
				DB26485123C38E090053E015 /* Assets.xcassets in Resources */,
				DB26484F23C38E090053E015 /* Main.storyboard in Resources */,
			);
			runOnlyForDeploymentPostprocessing = 0;
		};
/* End PBXResourcesBuildPhase section */

/* Begin PBXSourcesBuildPhase section */
		DB26484023C38E090053E015 /* Sources */ = {
			isa = PBXSourcesBuildPhase;
			buildActionMask = 2147483647;
			files = (
				DB26486B23C3A1B80053E015 /* ItemController.swift in Sources */,
				DB26484823C38E090053E015 /* AppDelegate.swift in Sources */,
				DB26486923C3A0D70053E015 /* Items.swift in Sources */,
				DBE9546D23C7C51300B6A36B /* Item+Convenience.swift in Sources */,
				DBE9546923C7C47700B6A36B /* Item.xcdatamodeld in Sources */,
				DB26484A23C38E090053E015 /* SceneDelegate.swift in Sources */,
				DBE9546B23C7C4CF00B6A36B /* CoreDataStack.swift in Sources */,
				DB26486F23C3AACE0053E015 /* ItemsViewController.swift in Sources */,
				DB26487523C3ADBA0053E015 /* Token.swift in Sources */,
				DB26486423C39EBF0053E015 /* User.swift in Sources */,
				DB26487723C3B2490053E015 /* LoginScreenViewController.swift in Sources */,
				DB26487923C3B78C0053E015 /* ItemTableViewCell.swift in Sources */,
				DBE9547023C7C9B700B6A36B /* CDItemRepresentation.swift in Sources */,
				DB26487323C3AB040053E015 /* MarketplaceTableViewController.swift in Sources */,
			);
			runOnlyForDeploymentPostprocessing = 0;
		};
/* End PBXSourcesBuildPhase section */

/* Begin PBXVariantGroup section */
		DB26484D23C38E090053E015 /* Main.storyboard */ = {
			isa = PBXVariantGroup;
			children = (
				DB26484E23C38E090053E015 /* Base */,
			);
			name = Main.storyboard;
			sourceTree = "<group>";
		};
		DB26485223C38E090053E015 /* LaunchScreen.storyboard */ = {
			isa = PBXVariantGroup;
			children = (
				DB26485323C38E090053E015 /* Base */,
			);
			name = LaunchScreen.storyboard;
			sourceTree = "<group>";
		};
/* End PBXVariantGroup section */

/* Begin XCBuildConfiguration section */
		DB26485623C38E090053E015 /* Debug */ = {
			isa = XCBuildConfiguration;
			buildSettings = {
				ALWAYS_SEARCH_USER_PATHS = NO;
				CLANG_ANALYZER_NONNULL = YES;
				CLANG_ANALYZER_NUMBER_OBJECT_CONVERSION = YES_AGGRESSIVE;
				CLANG_CXX_LANGUAGE_STANDARD = "gnu++14";
				CLANG_CXX_LIBRARY = "libc++";
				CLANG_ENABLE_MODULES = YES;
				CLANG_ENABLE_OBJC_ARC = YES;
				CLANG_ENABLE_OBJC_WEAK = YES;
				CLANG_WARN_BLOCK_CAPTURE_AUTORELEASING = YES;
				CLANG_WARN_BOOL_CONVERSION = YES;
				CLANG_WARN_COMMA = YES;
				CLANG_WARN_CONSTANT_CONVERSION = YES;
				CLANG_WARN_DEPRECATED_OBJC_IMPLEMENTATIONS = YES;
				CLANG_WARN_DIRECT_OBJC_ISA_USAGE = YES_ERROR;
				CLANG_WARN_DOCUMENTATION_COMMENTS = YES;
				CLANG_WARN_EMPTY_BODY = YES;
				CLANG_WARN_ENUM_CONVERSION = YES;
				CLANG_WARN_INFINITE_RECURSION = YES;
				CLANG_WARN_INT_CONVERSION = YES;
				CLANG_WARN_NON_LITERAL_NULL_CONVERSION = YES;
				CLANG_WARN_OBJC_IMPLICIT_RETAIN_SELF = YES;
				CLANG_WARN_OBJC_LITERAL_CONVERSION = YES;
				CLANG_WARN_OBJC_ROOT_CLASS = YES_ERROR;
				CLANG_WARN_RANGE_LOOP_ANALYSIS = YES;
				CLANG_WARN_STRICT_PROTOTYPES = YES;
				CLANG_WARN_SUSPICIOUS_MOVE = YES;
				CLANG_WARN_UNGUARDED_AVAILABILITY = YES_AGGRESSIVE;
				CLANG_WARN_UNREACHABLE_CODE = YES;
				CLANG_WARN__DUPLICATE_METHOD_MATCH = YES;
				COPY_PHASE_STRIP = NO;
				DEBUG_INFORMATION_FORMAT = dwarf;
				ENABLE_STRICT_OBJC_MSGSEND = YES;
				ENABLE_TESTABILITY = YES;
				GCC_C_LANGUAGE_STANDARD = gnu11;
				GCC_DYNAMIC_NO_PIC = NO;
				GCC_NO_COMMON_BLOCKS = YES;
				GCC_OPTIMIZATION_LEVEL = 0;
				GCC_PREPROCESSOR_DEFINITIONS = (
					"DEBUG=1",
					"$(inherited)",
				);
				GCC_WARN_64_TO_32_BIT_CONVERSION = YES;
				GCC_WARN_ABOUT_RETURN_TYPE = YES_ERROR;
				GCC_WARN_UNDECLARED_SELECTOR = YES;
				GCC_WARN_UNINITIALIZED_AUTOS = YES_AGGRESSIVE;
				GCC_WARN_UNUSED_FUNCTION = YES;
				GCC_WARN_UNUSED_VARIABLE = YES;
				IPHONEOS_DEPLOYMENT_TARGET = 13.2;
				MTL_ENABLE_DEBUG_INFO = INCLUDE_SOURCE;
				MTL_FAST_MATH = YES;
				ONLY_ACTIVE_ARCH = YES;
				SDKROOT = iphoneos;
				SWIFT_ACTIVE_COMPILATION_CONDITIONS = DEBUG;
				SWIFT_OPTIMIZATION_LEVEL = "-Onone";
			};
			name = Debug;
		};
		DB26485723C38E090053E015 /* Release */ = {
			isa = XCBuildConfiguration;
			buildSettings = {
				ALWAYS_SEARCH_USER_PATHS = NO;
				CLANG_ANALYZER_NONNULL = YES;
				CLANG_ANALYZER_NUMBER_OBJECT_CONVERSION = YES_AGGRESSIVE;
				CLANG_CXX_LANGUAGE_STANDARD = "gnu++14";
				CLANG_CXX_LIBRARY = "libc++";
				CLANG_ENABLE_MODULES = YES;
				CLANG_ENABLE_OBJC_ARC = YES;
				CLANG_ENABLE_OBJC_WEAK = YES;
				CLANG_WARN_BLOCK_CAPTURE_AUTORELEASING = YES;
				CLANG_WARN_BOOL_CONVERSION = YES;
				CLANG_WARN_COMMA = YES;
				CLANG_WARN_CONSTANT_CONVERSION = YES;
				CLANG_WARN_DEPRECATED_OBJC_IMPLEMENTATIONS = YES;
				CLANG_WARN_DIRECT_OBJC_ISA_USAGE = YES_ERROR;
				CLANG_WARN_DOCUMENTATION_COMMENTS = YES;
				CLANG_WARN_EMPTY_BODY = YES;
				CLANG_WARN_ENUM_CONVERSION = YES;
				CLANG_WARN_INFINITE_RECURSION = YES;
				CLANG_WARN_INT_CONVERSION = YES;
				CLANG_WARN_NON_LITERAL_NULL_CONVERSION = YES;
				CLANG_WARN_OBJC_IMPLICIT_RETAIN_SELF = YES;
				CLANG_WARN_OBJC_LITERAL_CONVERSION = YES;
				CLANG_WARN_OBJC_ROOT_CLASS = YES_ERROR;
				CLANG_WARN_RANGE_LOOP_ANALYSIS = YES;
				CLANG_WARN_STRICT_PROTOTYPES = YES;
				CLANG_WARN_SUSPICIOUS_MOVE = YES;
				CLANG_WARN_UNGUARDED_AVAILABILITY = YES_AGGRESSIVE;
				CLANG_WARN_UNREACHABLE_CODE = YES;
				CLANG_WARN__DUPLICATE_METHOD_MATCH = YES;
				COPY_PHASE_STRIP = NO;
				DEBUG_INFORMATION_FORMAT = "dwarf-with-dsym";
				ENABLE_NS_ASSERTIONS = NO;
				ENABLE_STRICT_OBJC_MSGSEND = YES;
				GCC_C_LANGUAGE_STANDARD = gnu11;
				GCC_NO_COMMON_BLOCKS = YES;
				GCC_WARN_64_TO_32_BIT_CONVERSION = YES;
				GCC_WARN_ABOUT_RETURN_TYPE = YES_ERROR;
				GCC_WARN_UNDECLARED_SELECTOR = YES;
				GCC_WARN_UNINITIALIZED_AUTOS = YES_AGGRESSIVE;
				GCC_WARN_UNUSED_FUNCTION = YES;
				GCC_WARN_UNUSED_VARIABLE = YES;
				IPHONEOS_DEPLOYMENT_TARGET = 13.2;
				MTL_ENABLE_DEBUG_INFO = NO;
				MTL_FAST_MATH = YES;
				SDKROOT = iphoneos;
				SWIFT_COMPILATION_MODE = wholemodule;
				SWIFT_OPTIMIZATION_LEVEL = "-O";
				VALIDATE_PRODUCT = YES;
			};
			name = Release;
		};
		DB26485923C38E090053E015 /* Debug */ = {
			isa = XCBuildConfiguration;
			buildSettings = {
				ASSETCATALOG_COMPILER_APPICON_NAME = AppIcon;
				CODE_SIGN_STYLE = Automatic;
				INFOPLIST_FILE = AfricanMarketplace/Info.plist;
				LD_RUNPATH_SEARCH_PATHS = (
					"$(inherited)",
					"@executable_path/Frameworks",
				);
				PRODUCT_BUNDLE_IDENTIFIER = com.patrickmillet.AfricanMarketplace;
				PRODUCT_NAME = "$(TARGET_NAME)";
				SWIFT_VERSION = 5.0;
				TARGETED_DEVICE_FAMILY = "1,2";
			};
			name = Debug;
		};
		DB26485A23C38E090053E015 /* Release */ = {
			isa = XCBuildConfiguration;
			buildSettings = {
				ASSETCATALOG_COMPILER_APPICON_NAME = AppIcon;
				CODE_SIGN_STYLE = Automatic;
				INFOPLIST_FILE = AfricanMarketplace/Info.plist;
				LD_RUNPATH_SEARCH_PATHS = (
					"$(inherited)",
					"@executable_path/Frameworks",
				);
				PRODUCT_BUNDLE_IDENTIFIER = com.patrickmillet.AfricanMarketplace;
				PRODUCT_NAME = "$(TARGET_NAME)";
				SWIFT_VERSION = 5.0;
				TARGETED_DEVICE_FAMILY = "1,2";
			};
			name = Release;
		};
/* End XCBuildConfiguration section */

/* Begin XCConfigurationList section */
		DB26483F23C38E090053E015 /* Build configuration list for PBXProject "AfricanMarketplace" */ = {
			isa = XCConfigurationList;
			buildConfigurations = (
				DB26485623C38E090053E015 /* Debug */,
				DB26485723C38E090053E015 /* Release */,
			);
			defaultConfigurationIsVisible = 0;
			defaultConfigurationName = Release;
		};
		DB26485823C38E090053E015 /* Build configuration list for PBXNativeTarget "AfricanMarketplace" */ = {
			isa = XCConfigurationList;
			buildConfigurations = (
				DB26485923C38E090053E015 /* Debug */,
				DB26485A23C38E090053E015 /* Release */,
			);
			defaultConfigurationIsVisible = 0;
			defaultConfigurationName = Release;
		};
/* End XCConfigurationList section */

/* Begin XCVersionGroup section */
		DBE9546723C7C47700B6A36B /* Item.xcdatamodeld */ = {
			isa = XCVersionGroup;
			children = (
				DBE9546823C7C47700B6A36B /* Item.xcdatamodel */,
			);
			currentVersion = DBE9546823C7C47700B6A36B /* Item.xcdatamodel */;
			path = Item.xcdatamodeld;
			sourceTree = "<group>";
			versionGroupType = wrapper.xcdatamodel;
		};
/* End XCVersionGroup section */
	};
	rootObject = DB26483C23C38E090053E015 /* Project object */;
}
